
Microsoft Visual Studio Solution File, Format Version 12.00
# Visual Studio Version 17
VisualStudioVersion = 17.2.32630.192
MinimumVisualStudioVersion = 10.0.40219.1
Project("{FAE04EC0-301F-11D3-BF4B-00C04F79EFBC}") = "ProgrammingLanguage", "ProgrammingLanguage.csproj", "{808F140A-E24C-4F9C-A82C-7AC4BB5C8AA1}"
EndProject
Project("{FAE04EC0-301F-11D3-BF4B-00C04F79EFBC}") = "FileParsing", "..\FileParsing\FileParsing.csproj", "{5080CA8F-3DE5-44E0-91EA-C09EC2B55278}"
EndProject
Global
	GlobalSection(SolutionConfigurationPlatforms) = preSolution
		Debug|Any CPU = Debug|Any CPU
		Release|Any CPU = Release|Any CPU
	EndGlobalSection
	GlobalSection(ProjectConfigurationPlatforms) = postSolution
		{808F140A-E24C-4F9C-A82C-7AC4BB5C8AA1}.Debug|Any CPU.ActiveCfg = Debug|Any CPU
		{808F140A-E24C-4F9C-A82C-7AC4BB5C8AA1}.Debug|Any CPU.Build.0 = Debug|Any CPU
		{808F140A-E24C-4F9C-A82C-7AC4BB5C8AA1}.Release|Any CPU.ActiveCfg = Release|Any CPU
		{808F140A-E24C-4F9C-A82C-7AC4BB5C8AA1}.Release|Any CPU.Build.0 = Release|Any CPU
		{5080CA8F-3DE5-44E0-91EA-C09EC2B55278}.Debug|Any CPU.ActiveCfg = Debug|Any CPU
		{5080CA8F-3DE5-44E0-91EA-C09EC2B55278}.Debug|Any CPU.Build.0 = Debug|Any CPU
		{5080CA8F-3DE5-44E0-91EA-C09EC2B55278}.Release|Any CPU.ActiveCfg = Release|Any CPU
		{5080CA8F-3DE5-44E0-91EA-C09EC2B55278}.Release|Any CPU.Build.0 = Release|Any CPU
	EndGlobalSection
	GlobalSection(SolutionProperties) = preSolution
		HideSolutionNode = FALSE
	EndGlobalSection
	GlobalSection(ExtensibilityGlobals) = postSolution
		SolutionGuid = {A4B57CAA-84B6-48F0-A6D2-DEF3E84062DD}
	EndGlobalSection
EndGlobal
